
Microsoft Visual Studio Solution File, Format Version 12.00
# Visual Studio 15
VisualStudioVersion = 15.0.28307.1831
MinimumVisualStudioVersion = 10.0.40219.1
Project("{FAE04EC0-301F-11D3-BF4B-00C04F79EFBC}") = "LOGINCOMBF", "LOGINCOMBF\LOGINCOMBF.csproj", "{D83BDFD9-1E35-460A-A900-8A76E53E725C}"
EndProject
Global
	GlobalSection(SolutionConfigurationPlatforms) = preSolution
		Debug|Any CPU = Debug|Any CPU
		Release|Any CPU = Release|Any CPU
	EndGlobalSection
	GlobalSection(ProjectConfigurationPlatforms) = postSolution
		{D83BDFD9-1E35-460A-A900-8A76E53E725C}.Debug|Any CPU.ActiveCfg = Debug|Any CPU
		{D83BDFD9-1E35-460A-A900-8A76E53E725C}.Debug|Any CPU.Build.0 = Debug|Any CPU
		{D83BDFD9-1E35-460A-A900-8A76E53E725C}.Release|Any CPU.ActiveCfg = Release|Any CPU
		{D83BDFD9-1E35-460A-A900-8A76E53E725C}.Release|Any CPU.Build.0 = Release|Any CPU
	EndGlobalSection
	GlobalSection(SolutionProperties) = preSolution
		HideSolutionNode = FALSE
	EndGlobalSection
	GlobalSection(ExtensibilityGlobals) = postSolution
		SolutionGuid = {2A77347C-1609-4981-B9D2-FDD53CB6EA46}
	EndGlobalSection
EndGlobal
